
Microsoft Visual Studio Solution File, Format Version 12.00
# Visual Studio Version 17
VisualStudioVersion = 17.9.34902.65
MinimumVisualStudioVersion = 10.0.40219.1
Project("{FAE04EC0-301F-11D3-BF4B-00C04F79EFBC}") = "PruebaIngreso", "PruebaIngreso\PruebaIngreso.csproj", "{C59C0B02-875E-4798-A147-DF292394CBE3}"
EndProject
Global
	GlobalSection(SolutionConfigurationPlatforms) = preSolution
		Debug|Any CPU = Debug|Any CPU
		Release|Any CPU = Release|Any CPU
	EndGlobalSection
	GlobalSection(ProjectConfigurationPlatforms) = postSolution
		{C59C0B02-875E-4798-A147-DF292394CBE3}.Debug|Any CPU.ActiveCfg = Debug|Any CPU
		{C59C0B02-875E-4798-A147-DF292394CBE3}.Debug|Any CPU.Build.0 = Debug|Any CPU
		{C59C0B02-875E-4798-A147-DF292394CBE3}.Release|Any CPU.ActiveCfg = Release|Any CPU
		{C59C0B02-875E-4798-A147-DF292394CBE3}.Release|Any CPU.Build.0 = Release|Any CPU
	EndGlobalSection
	GlobalSection(SolutionProperties) = preSolution
		HideSolutionNode = FALSE
	EndGlobalSection
	GlobalSection(ExtensibilityGlobals) = postSolution
		SolutionGuid = {E0935130-5CA0-480F-B58F-40CF3F4376DD}
	EndGlobalSection
EndGlobal
